
Microsoft Visual Studio Solution File, Format Version 12.00
# Visual Studio Version 16
VisualStudioVersion = 16.0.30413.136
MinimumVisualStudioVersion = 10.0.40219.1
Project("{FAE04EC0-301F-11D3-BF4B-00C04F79EFBC}") = "Website", "Website\Website.csproj", "{383CDD81-2090-44C7-B1DD-59BE711BE1C8}"
EndProject
Global
	GlobalSection(SolutionConfigurationPlatforms) = preSolution
		Debug|Any CPU = Debug|Any CPU
		Release|Any CPU = Release|Any CPU
	EndGlobalSection
	GlobalSection(ProjectConfigurationPlatforms) = postSolution
		{383CDD81-2090-44C7-B1DD-59BE711BE1C8}.Debug|Any CPU.ActiveCfg = Debug|Any CPU
		{383CDD81-2090-44C7-B1DD-59BE711BE1C8}.Debug|Any CPU.Build.0 = Debug|Any CPU
		{383CDD81-2090-44C7-B1DD-59BE711BE1C8}.Release|Any CPU.ActiveCfg = Release|Any CPU
		{383CDD81-2090-44C7-B1DD-59BE711BE1C8}.Release|Any CPU.Build.0 = Release|Any CPU
	EndGlobalSection
	GlobalSection(SolutionProperties) = preSolution
		HideSolutionNode = FALSE
	EndGlobalSection
	GlobalSection(ExtensibilityGlobals) = postSolution
		SolutionGuid = {28BA1D8A-1641-4766-85C6-4C272E33EC3D}
	EndGlobalSection
EndGlobal
